
Microsoft Visual Studio Solution File, Format Version 12.00
# Visual Studio Version 17
VisualStudioVersion = 17.10.35013.160
MinimumVisualStudioVersion = 10.0.40219.1
Project("{FAE04EC0-301F-11D3-BF4B-00C04F79EFBC}") = "PruebaPOO", "PruebaPOO\PruebaPOO.csproj", "{9940D917-DF23-4B8A-A01B-DE73192E74F2}"
EndProject
Global
	GlobalSection(SolutionConfigurationPlatforms) = preSolution
		Debug|Any CPU = Debug|Any CPU
		Release|Any CPU = Release|Any CPU
	EndGlobalSection
	GlobalSection(ProjectConfigurationPlatforms) = postSolution
		{9940D917-DF23-4B8A-A01B-DE73192E74F2}.Debug|Any CPU.ActiveCfg = Debug|Any CPU
		{9940D917-DF23-4B8A-A01B-DE73192E74F2}.Debug|Any CPU.Build.0 = Debug|Any CPU
		{9940D917-DF23-4B8A-A01B-DE73192E74F2}.Release|Any CPU.ActiveCfg = Release|Any CPU
		{9940D917-DF23-4B8A-A01B-DE73192E74F2}.Release|Any CPU.Build.0 = Release|Any CPU
	EndGlobalSection
	GlobalSection(SolutionProperties) = preSolution
		HideSolutionNode = FALSE
	EndGlobalSection
	GlobalSection(ExtensibilityGlobals) = postSolution
		SolutionGuid = {3C123673-99DD-49D4-AA76-5BCD00B2B4D1}
	EndGlobalSection
EndGlobal
